
Microsoft Visual Studio Solution File, Format Version 12.00
# Visual Studio Version 16
VisualStudioVersion = 16.0.30114.105
MinimumVisualStudioVersion = 10.0.40219.1
Project("{2150E333-8FDC-42A3-9474-1A3956D46DE8}") = "Creational", "Creational", "{EC9CB448-5E15-435C-A50D-F7218AF4CA0B}"
EndProject
Project("{2150E333-8FDC-42A3-9474-1A3956D46DE8}") = "Builder", "Builder", "{F5FE3780-0A34-4178-A479-C81187E40C7F}"
EndProject
Project("{FAE04EC0-301F-11D3-BF4B-00C04F79EFBC}") = "RecursiveGenericsBuilder", "Creational\Builder\RecursiveGenericsBuilder\RecursiveGenericsBuilder.csproj", "{33859141-0400-4614-A8BE-D67EFBDC01E9}"
EndProject
Project("{FAE04EC0-301F-11D3-BF4B-00C04F79EFBC}") = "FacetedBuilder", "Creational\Builder\FacetedBuilder\FacetedBuilder.csproj", "{784DE518-3022-48C7-A814-004870910995}"
EndProject
Global
	GlobalSection(SolutionConfigurationPlatforms) = preSolution
		Debug|Any CPU = Debug|Any CPU
		Release|Any CPU = Release|Any CPU
	EndGlobalSection
	GlobalSection(SolutionProperties) = preSolution
		HideSolutionNode = FALSE
	EndGlobalSection
	GlobalSection(ProjectConfigurationPlatforms) = postSolution
		{33859141-0400-4614-A8BE-D67EFBDC01E9}.Debug|Any CPU.ActiveCfg = Debug|Any CPU
		{33859141-0400-4614-A8BE-D67EFBDC01E9}.Debug|Any CPU.Build.0 = Debug|Any CPU
		{33859141-0400-4614-A8BE-D67EFBDC01E9}.Release|Any CPU.ActiveCfg = Release|Any CPU
		{33859141-0400-4614-A8BE-D67EFBDC01E9}.Release|Any CPU.Build.0 = Release|Any CPU
		{784DE518-3022-48C7-A814-004870910995}.Debug|Any CPU.ActiveCfg = Debug|Any CPU
		{784DE518-3022-48C7-A814-004870910995}.Debug|Any CPU.Build.0 = Debug|Any CPU
		{784DE518-3022-48C7-A814-004870910995}.Release|Any CPU.ActiveCfg = Release|Any CPU
		{784DE518-3022-48C7-A814-004870910995}.Release|Any CPU.Build.0 = Release|Any CPU
	EndGlobalSection
	GlobalSection(NestedProjects) = preSolution
		{F5FE3780-0A34-4178-A479-C81187E40C7F} = {EC9CB448-5E15-435C-A50D-F7218AF4CA0B}
		{33859141-0400-4614-A8BE-D67EFBDC01E9} = {F5FE3780-0A34-4178-A479-C81187E40C7F}
		{784DE518-3022-48C7-A814-004870910995} = {F5FE3780-0A34-4178-A479-C81187E40C7F}
	EndGlobalSection
EndGlobal
